// !$*UTF8*$!
{
	archiveVersion = 1;
	classes = {
	};
	objectVersion = 77;
	objects = {

/* Begin PBXBuildFile section */
		7CDABF20F8632EC889840099AE98 /* Constants.swift in Sources */ = {isa = PBXBuildFile; fileRef = 7CDABFF5C49A2EC889840099AE98 /* Constants.swift */; };
		7CDABF36EC132EC889840099AE98 /* SharedSettings.swift in Sources */ = {isa = PBXBuildFile; fileRef = 7CDABFED2B4A2EC889840099AE98 /* SharedSettings.swift */; };
		7CDABF592EC889840099AE98 /* Quartz.framework in Frameworks */ = {isa = PBXBuildFile; fileRef = 7CDABF582EC889840099AE98 /* Quartz.framework */; };
		7CDABF652EC889840099AE98 /* PeekdownQLExt.appex in Embed Foundation Extensions */ = {isa = PBXBuildFile; fileRef = 7CDABF562EC889840099AE98 /* PeekdownQLExt.appex */; settings = {ATTRIBUTES = (RemoveHeadersOnCopy, ); }; };
		7CDABFF3080A2EC889840099AE98 /* Constants.swift in Sources */ = {isa = PBXBuildFile; fileRef = 7CDABFF5C49A2EC889840099AE98 /* Constants.swift */; };
		7CDABFFC81B22EC889840099AE98 /* SharedSettings.swift in Sources */ = {isa = PBXBuildFile; fileRef = 7CDABFED2B4A2EC889840099AE98 /* SharedSettings.swift */; };
		7CDAC1012F0000000099AE98 /* WebKit.framework in Frameworks */ = {isa = PBXBuildFile; fileRef = 7CDAC1002F0000000099AE98 /* WebKit.framework */; };
/* End PBXBuildFile section */

/* Begin PBXContainerItemProxy section */
		7CDABF632EC889840099AE98 /* PBXContainerItemProxy */ = {
			isa = PBXContainerItemProxy;
			containerPortal = 7CDABF0A2EC87E700099AE98 /* Project object */;
			proxyType = 1;
			remoteGlobalIDString = 7CDABF552EC889840099AE98;
			remoteInfo = PeekdownQLExt;
		};
/* End PBXContainerItemProxy section */

/* Begin PBXCopyFilesBuildPhase section */
		7CDABF662EC889840099AE98 /* Embed Foundation Extensions */ = {
			isa = PBXCopyFilesBuildPhase;
			buildActionMask = 2147483647;
			dstPath = "";
			dstSubfolderSpec = 13;
			files = (
				7CDABF652EC889840099AE98 /* PeekdownQLExt.appex in Embed Foundation Extensions */,
			);
			name = "Embed Foundation Extensions";
			runOnlyForDeploymentPostprocessing = 0;
		};
/* End PBXCopyFilesBuildPhase section */

/* Begin PBXFileReference section */
		7CDABF122EC87E700099AE98 /* PeekdownQLHost.app */ = {isa = PBXFileReference; explicitFileType = wrapper.application; includeInIndex = 0; path = PeekdownQLHost.app; sourceTree = BUILT_PRODUCTS_DIR; };
		7CDABF562EC889840099AE98 /* PeekdownQLExt.appex */ = {isa = PBXFileReference; explicitFileType = "wrapper.app-extension"; includeInIndex = 0; path = PeekdownQLExt.appex; sourceTree = BUILT_PRODUCTS_DIR; };
		7CDABF582EC889840099AE98 /* Quartz.framework */ = {isa = PBXFileReference; lastKnownFileType = wrapper.framework; name = Quartz.framework; path = System/Library/Frameworks/Quartz.framework; sourceTree = SDKROOT; };
		7CDABFED2B4A2EC889840099AE98 /* SharedSettings.swift */ = {isa = PBXFileReference; fileEncoding = 4; lastKnownFileType = sourcecode.swift; path = SharedSettings.swift; sourceTree = "<group>"; };
		7CDABFF5C49A2EC889840099AE98 /* Constants.swift */ = {isa = PBXFileReference; fileEncoding = 4; lastKnownFileType = sourcecode.swift; path = Constants.swift; sourceTree = "<group>"; };
		7CDAC1002F0000000099AE98 /* WebKit.framework */ = {isa = PBXFileReference; lastKnownFileType = wrapper.framework; name = WebKit.framework; path = System/Library/Frameworks/WebKit.framework; sourceTree = SDKROOT; };
/* End PBXFileReference section */

/* Begin PBXFileSystemSynchronizedBuildFileExceptionSet section */
		7CDABF692EC889840099AE98 /* Exceptions for "PeekdownQLExt" folder in "PeekdownQLExt" target */ = {
			isa = PBXFileSystemSynchronizedBuildFileExceptionSet;
			membershipExceptions = (
				Info.plist,
			);
			target = 7CDABF552EC889840099AE98 /* PeekdownQLExt */;
		};
/* End PBXFileSystemSynchronizedBuildFileExceptionSet section */

/* Begin PBXFileSystemSynchronizedRootGroup section */
		7CDABF142EC87E700099AE98 /* PeekdownQLHost */ = {
			isa = PBXFileSystemSynchronizedRootGroup;
			path = PeekdownQLHost;
			sourceTree = "<group>";
		};
		7CDABF5A2EC889840099AE98 /* PeekdownQLExt */ = {
			isa = PBXFileSystemSynchronizedRootGroup;
			exceptions = (
				7CDABF692EC889840099AE98 /* Exceptions for "PeekdownQLExt" folder in "PeekdownQLExt" target */,
			);
			path = PeekdownQLExt;
			sourceTree = "<group>";
		};
/* End PBXFileSystemSynchronizedRootGroup section */

/* Begin PBXFrameworksBuildPhase section */
		7CDABF0F2EC87E700099AE98 /* Frameworks */ = {
			isa = PBXFrameworksBuildPhase;
			buildActionMask = 2147483647;
			files = (
			);
			runOnlyForDeploymentPostprocessing = 0;
		};
		7CDABF532EC889840099AE98 /* Frameworks */ = {
			isa = PBXFrameworksBuildPhase;
			buildActionMask = 2147483647;
			files = (
				7CDABF592EC889840099AE98 /* Quartz.framework in Frameworks */,
				7CDAC1012F0000000099AE98 /* WebKit.framework in Frameworks */,
			);
			runOnlyForDeploymentPostprocessing = 0;
		};
/* End PBXFrameworksBuildPhase section */

/* Begin PBXGroup section */
		7CDABF092EC87E700099AE98 = {
			isa = PBXGroup;
			children = (
				7CDABF142EC87E700099AE98 /* PeekdownQLHost */,
				7CDABF5A2EC889840099AE98 /* PeekdownQLExt */,
				7CDABFC695242EC889840099AE98 /* Shared */,
				7CDABF572EC889840099AE98 /* Frameworks */,
				7CDABF132EC87E700099AE98 /* Products */,
			);
			sourceTree = "<group>";
		};
		7CDABF132EC87E700099AE98 /* Products */ = {
			isa = PBXGroup;
			children = (
				7CDABF122EC87E700099AE98 /* PeekdownQLHost.app */,
				7CDABF562EC889840099AE98 /* PeekdownQLExt.appex */,
			);
			name = Products;
			sourceTree = "<group>";
		};
		7CDABF572EC889840099AE98 /* Frameworks */ = {
			isa = PBXGroup;
			children = (
				7CDABF582EC889840099AE98 /* Quartz.framework */,
				7CDAC1002F0000000099AE98 /* WebKit.framework */,
			);
			name = Frameworks;
			sourceTree = "<group>";
		};
		7CDABFC695242EC889840099AE98 /* Shared */ = {
			isa = PBXGroup;
			children = (
				7CDABFF5C49A2EC889840099AE98 /* Constants.swift */,
				7CDABFED2B4A2EC889840099AE98 /* SharedSettings.swift */,
			);
			path = Shared;
			sourceTree = "<group>";
		};
/* End PBXGroup section */

/* Begin PBXNativeTarget section */
		7CDABF112EC87E700099AE98 /* PeekdownQLHost */ = {
			isa = PBXNativeTarget;
			buildConfigurationList = 7CDABF1D2EC87E720099AE98 /* Build configuration list for PBXNativeTarget "PeekdownQLHost" */;
			buildPhases = (
				7CDABF0E2EC87E700099AE98 /* Sources */,
				7CDABF0F2EC87E700099AE98 /* Frameworks */,
				7CDABF102EC87E700099AE98 /* Resources */,
				7CDABF662EC889840099AE98 /* Embed Foundation Extensions */,
			);
			buildRules = (
			);
			dependencies = (
				7CDABF642EC889840099AE98 /* PBXTargetDependency */,
			);
			fileSystemSynchronizedGroups = (
				7CDABF142EC87E700099AE98 /* PeekdownQLHost */,
			);
			name = PeekdownQLHost;
			packageProductDependencies = (
			);
			productName = PeekdownQLHost;
			productReference = 7CDABF122EC87E700099AE98 /* PeekdownQLHost.app */;
			productType = "com.apple.product-type.application";
		};
		7CDABF552EC889840099AE98 /* PeekdownQLExt */ = {
			isa = PBXNativeTarget;
			buildConfigurationList = 7CDABF6A2EC889840099AE98 /* Build configuration list for PBXNativeTarget "PeekdownQLExt" */;
			buildPhases = (
				7CDABF522EC889840099AE98 /* Sources */,
				7CDABF532EC889840099AE98 /* Frameworks */,
				7CDABF542EC889840099AE98 /* Resources */,
			);
			buildRules = (
			);
			dependencies = (
			);
			fileSystemSynchronizedGroups = (
				7CDABF5A2EC889840099AE98 /* PeekdownQLExt */,
			);
			name = PeekdownQLExt;
			packageProductDependencies = (
			);
			productName = PeekdownQLExt;
			productReference = 7CDABF562EC889840099AE98 /* PeekdownQLExt.appex */;
			productType = "com.apple.product-type.app-extension";
		};
/* End PBXNativeTarget section */

/* Begin PBXProject section */
		7CDABF0A2EC87E700099AE98 /* Project object */ = {
			isa = PBXProject;
			attributes = {
				BuildIndependentTargetsInParallel = 1;
				LastSwiftUpdateCheck = 2600;
				LastUpgradeCheck = 2600;
				TargetAttributes = {
					7CDABF112EC87E700099AE98 = {
						CreatedOnToolsVersion = 26.0.1;
					};
					7CDABF552EC889840099AE98 = {
						CreatedOnToolsVersion = 26.0.1;
					};
				};
			};
			buildConfigurationList = 7CDABF0D2EC87E700099AE98 /* Build configuration list for PBXProject "PeekdownQL" */;
			developmentRegion = en;
			hasScannedForEncodings = 0;
			knownRegions = (
				en,
				Base,
			);
			mainGroup = 7CDABF092EC87E700099AE98;
			minimizedProjectReferenceProxies = 1;
			preferredProjectObjectVersion = 77;
			productRefGroup = 7CDABF132EC87E700099AE98 /* Products */;
			projectDirPath = "";
			projectRoot = "";
			targets = (
				7CDABF112EC87E700099AE98 /* PeekdownQLHost */,
				7CDABF552EC889840099AE98 /* PeekdownQLExt */,
			);
		};
/* End PBXProject section */

/* Begin PBXResourcesBuildPhase section */
		7CDABF102EC87E700099AE98 /* Resources */ = {
			isa = PBXResourcesBuildPhase;
			buildActionMask = 2147483647;
			files = (
			);
			runOnlyForDeploymentPostprocessing = 0;
		};
		7CDABF542EC889840099AE98 /* Resources */ = {
			isa = PBXResourcesBuildPhase;
			buildActionMask = 2147483647;
			files = (
			);
			runOnlyForDeploymentPostprocessing = 0;
		};
/* End PBXResourcesBuildPhase section */

/* Begin PBXSourcesBuildPhase section */
		7CDABF0E2EC87E700099AE98 /* Sources */ = {
			isa = PBXSourcesBuildPhase;
			buildActionMask = 2147483647;
			files = (
				7CDABFF3080A2EC889840099AE98 /* Constants.swift in Sources */,
				7CDABF36EC132EC889840099AE98 /* SharedSettings.swift in Sources */,
			);
			runOnlyForDeploymentPostprocessing = 0;
		};
		7CDABF522EC889840099AE98 /* Sources */ = {
			isa = PBXSourcesBuildPhase;
			buildActionMask = 2147483647;
			files = (
				7CDABF20F8632EC889840099AE98 /* Constants.swift in Sources */,
				7CDABFFC81B22EC889840099AE98 /* SharedSettings.swift in Sources */,
			);
			runOnlyForDeploymentPostprocessing = 0;
		};
/* End PBXSourcesBuildPhase section */

/* Begin PBXTargetDependency section */
		7CDABF642EC889840099AE98 /* PBXTargetDependency */ = {
			isa = PBXTargetDependency;
			target = 7CDABF552EC889840099AE98 /* PeekdownQLExt */;
			targetProxy = 7CDABF632EC889840099AE98 /* PBXContainerItemProxy */;
		};
/* End PBXTargetDependency section */

/* Begin XCBuildConfiguration section */
		7CDABF1B2EC87E720099AE98 /* Debug */ = {
			isa = XCBuildConfiguration;
			buildSettings = {
				ALWAYS_SEARCH_USER_PATHS = NO;
				ASSETCATALOG_COMPILER_GENERATE_SWIFT_ASSET_SYMBOL_EXTENSIONS = YES;
				CLANG_ANALYZER_NONNULL = YES;
				CLANG_ANALYZER_NUMBER_OBJECT_CONVERSION = YES_AGGRESSIVE;
				CLANG_CXX_LANGUAGE_STANDARD = "gnu++20";
				CLANG_ENABLE_MODULES = YES;
				CLANG_ENABLE_OBJC_ARC = YES;
				CLANG_ENABLE_OBJC_WEAK = YES;
				CLANG_WARN_BLOCK_CAPTURE_AUTORELEASING = YES;
				CLANG_WARN_BOOL_CONVERSION = YES;
				CLANG_WARN_COMMA = YES;
				CLANG_WARN_CONSTANT_CONVERSION = YES;
				CLANG_WARN_DEPRECATED_OBJC_IMPLEMENTATIONS = YES;
				CLANG_WARN_DIRECT_OBJC_ISA_USAGE = YES_ERROR;
				CLANG_WARN_DOCUMENTATION_COMMENTS = YES;
				CLANG_WARN_EMPTY_BODY = YES;
				CLANG_WARN_ENUM_CONVERSION = YES;
				CLANG_WARN_INFINITE_RECURSION = YES;
				CLANG_WARN_INT_CONVERSION = YES;
				CLANG_WARN_NON_LITERAL_NULL_CONVERSION = YES;
				CLANG_WARN_OBJC_IMPLICIT_RETAIN_SELF = YES;
				CLANG_WARN_OBJC_LITERAL_CONVERSION = YES;
				CLANG_WARN_OBJC_ROOT_CLASS = YES_ERROR;
				CLANG_WARN_QUOTED_INCLUDE_IN_FRAMEWORK_HEADER = YES;
				CLANG_WARN_RANGE_LOOP_ANALYSIS = YES;
				CLANG_WARN_STRICT_PROTOTYPES = YES;
				CLANG_WARN_SUSPICIOUS_MOVE = YES;
				CLANG_WARN_UNGUARDED_AVAILABILITY = YES_AGGRESSIVE;
				CLANG_WARN_UNREACHABLE_CODE = YES;
				CLANG_WARN__DUPLICATE_METHOD_MATCH = YES;
				COPY_PHASE_STRIP = NO;
				DEBUG_INFORMATION_FORMAT = dwarf;
				DEVELOPMENT_TEAM = "";
				ENABLE_STRICT_OBJC_MSGSEND = YES;
				ENABLE_TESTABILITY = YES;
				ENABLE_USER_SCRIPT_SANDBOXING = NO;
				GCC_C_LANGUAGE_STANDARD = gnu17;
				GCC_DYNAMIC_NO_PIC = NO;
				GCC_NO_COMMON_BLOCKS = YES;
				GCC_OPTIMIZATION_LEVEL = 0;
				GCC_PREPROCESSOR_DEFINITIONS = (
					"DEBUG=1",
					"$(inherited)",
				);
				GCC_WARN_64_TO_32_BIT_CONVERSION = YES;
				GCC_WARN_ABOUT_RETURN_TYPE = YES_ERROR;
				GCC_WARN_UNDECLARED_SELECTOR = YES;
				GCC_WARN_UNINITIALIZED_AUTOS = YES_AGGRESSIVE;
				GCC_WARN_UNUSED_FUNCTION = YES;
				GCC_WARN_UNUSED_VARIABLE = YES;
				LOCALIZATION_PREFERS_STRING_CATALOGS = YES;
				MACOSX_DEPLOYMENT_TARGET = 14.0;
				MTL_ENABLE_DEBUG_INFO = INCLUDE_SOURCE;
				MTL_FAST_MATH = YES;
				ONLY_ACTIVE_ARCH = YES;
				SDKROOT = macosx;
				SWIFT_ACTIVE_COMPILATION_CONDITIONS = "DEBUG $(inherited)";
				SWIFT_OPTIMIZATION_LEVEL = "-Onone";
			};
			name = Debug;
		};
		7CDABF1C2EC87E720099AE98 /* Release */ = {
			isa = XCBuildConfiguration;
			buildSettings = {
				ALWAYS_SEARCH_USER_PATHS = NO;
				ASSETCATALOG_COMPILER_GENERATE_SWIFT_ASSET_SYMBOL_EXTENSIONS = YES;
				CLANG_ANALYZER_NONNULL = YES;
				CLANG_ANALYZER_NUMBER_OBJECT_CONVERSION = YES_AGGRESSIVE;
				CLANG_CXX_LANGUAGE_STANDARD = "gnu++20";
				CLANG_ENABLE_MODULES = YES;
				CLANG_ENABLE_OBJC_ARC = YES;
				CLANG_ENABLE_OBJC_WEAK = YES;
				CLANG_WARN_BLOCK_CAPTURE_AUTORELEASING = YES;
				CLANG_WARN_BOOL_CONVERSION = YES;
				CLANG_WARN_COMMA = YES;
				CLANG_WARN_CONSTANT_CONVERSION = YES;
				CLANG_WARN_DEPRECATED_OBJC_IMPLEMENTATIONS = YES;
				CLANG_WARN_DIRECT_OBJC_ISA_USAGE = YES_ERROR;
				CLANG_WARN_DOCUMENTATION_COMMENTS = YES;
				CLANG_WARN_EMPTY_BODY = YES;
				CLANG_WARN_ENUM_CONVERSION = YES;
				CLANG_WARN_INFINITE_RECURSION = YES;
				CLANG_WARN_INT_CONVERSION = YES;
				CLANG_WARN_NON_LITERAL_NULL_CONVERSION = YES;
				CLANG_WARN_OBJC_IMPLICIT_RETAIN_SELF = YES;
				CLANG_WARN_OBJC_LITERAL_CONVERSION = YES;
				CLANG_WARN_OBJC_ROOT_CLASS = YES_ERROR;
				CLANG_WARN_QUOTED_INCLUDE_IN_FRAMEWORK_HEADER = YES;
				CLANG_WARN_RANGE_LOOP_ANALYSIS = YES;
				CLANG_WARN_STRICT_PROTOTYPES = YES;
				CLANG_WARN_SUSPICIOUS_MOVE = YES;
				CLANG_WARN_UNGUARDED_AVAILABILITY = YES_AGGRESSIVE;
				CLANG_WARN_UNREACHABLE_CODE = YES;
				CLANG_WARN__DUPLICATE_METHOD_MATCH = YES;
				COPY_PHASE_STRIP = NO;
				DEBUG_INFORMATION_FORMAT = "dwarf-with-dsym";
				DEVELOPMENT_TEAM = "";
				ENABLE_NS_ASSERTIONS = NO;
				ENABLE_STRICT_OBJC_MSGSEND = YES;
				ENABLE_USER_SCRIPT_SANDBOXING = NO;
				GCC_C_LANGUAGE_STANDARD = gnu17;
				GCC_NO_COMMON_BLOCKS = YES;
				GCC_WARN_64_TO_32_BIT_CONVERSION = YES;
				GCC_WARN_ABOUT_RETURN_TYPE = YES_ERROR;
				GCC_WARN_UNDECLARED_SELECTOR = YES;
				GCC_WARN_UNINITIALIZED_AUTOS = YES_AGGRESSIVE;
				GCC_WARN_UNUSED_FUNCTION = YES;
				GCC_WARN_UNUSED_VARIABLE = YES;
				LOCALIZATION_PREFERS_STRING_CATALOGS = YES;
				MACOSX_DEPLOYMENT_TARGET = 14.0;
				MTL_ENABLE_DEBUG_INFO = NO;
				MTL_FAST_MATH = YES;
				SDKROOT = macosx;
				SWIFT_COMPILATION_MODE = wholemodule;
			};
			name = Release;
		};
		7CDABF1E2EC87E720099AE98 /* Debug */ = {
			isa = XCBuildConfiguration;
			buildSettings = {
				CODE_SIGN_ENTITLEMENTS = PeekdownQLHost/PeekdownQLHost.entitlements;
				CODE_SIGN_STYLE = Automatic;
				COMBINE_HIDPI_IMAGES = YES;
				CURRENT_PROJECT_VERSION = 1;
				DEVELOPMENT_TEAM = A3KNB5VZH2;
				OTHER_CODE_SIGN_FLAGS = "--timestamp";
				ENABLE_APP_SANDBOX = NO;
				ENABLE_HARDENED_RUNTIME = YES;
				ENABLE_PREVIEWS = YES;
				ENABLE_USER_SELECTED_FILES = readonly;
				GENERATE_INFOPLIST_FILE = YES;
				INFOPLIST_KEY_LSApplicationCategoryType = "public.app-category.utilities";
				INFOPLIST_KEY_LSUIElement = YES;
				INFOPLIST_KEY_NSHumanReadableCopyright = "";
				LD_RUNPATH_SEARCH_PATHS = (
					"$(inherited)",
					"@executable_path/../Frameworks",
				);
				MARKETING_VERSION = 1.2.1;
				PRODUCT_BUNDLE_IDENTIFIER = "com.peekdown.app.quicklook-host";
				PRODUCT_NAME = "$(TARGET_NAME)";
				REGISTER_APP_GROUPS = YES;
				STRING_CATALOG_GENERATE_SYMBOLS = YES;
				SWIFT_APPROACHABLE_CONCURRENCY = YES;
				SWIFT_DEFAULT_ACTOR_ISOLATION = MainActor;
				SWIFT_EMIT_LOC_STRINGS = YES;
				SWIFT_UPCOMING_FEATURE_MEMBER_IMPORT_VISIBILITY = YES;
				SWIFT_VERSION = 5.0;
			};
			name = Debug;
		};
		7CDABF1F2EC87E720099AE98 /* Release */ = {
			isa = XCBuildConfiguration;
			buildSettings = {
				CODE_SIGN_ENTITLEMENTS = PeekdownQLHost/PeekdownQLHost.entitlements;
				CODE_SIGN_IDENTITY = "Developer ID Application";
				CODE_SIGN_STYLE = Manual;
				COMBINE_HIDPI_IMAGES = YES;
				CURRENT_PROJECT_VERSION = 1;
				DEVELOPMENT_TEAM = A3KNB5VZH2;
				ENABLE_APP_SANDBOX = NO;
				ENABLE_HARDENED_RUNTIME = YES;
				ENABLE_PREVIEWS = YES;
				ENABLE_USER_SELECTED_FILES = readonly;
				GENERATE_INFOPLIST_FILE = YES;
				INFOPLIST_KEY_LSApplicationCategoryType = "public.app-category.utilities";
				INFOPLIST_KEY_LSUIElement = YES;
				INFOPLIST_KEY_NSHumanReadableCopyright = "";
				LD_RUNPATH_SEARCH_PATHS = (
					"$(inherited)",
					"@executable_path/../Frameworks",
				);
				MARKETING_VERSION = 1.2.1;
				PRODUCT_BUNDLE_IDENTIFIER = "com.peekdown.app.quicklook-host";
				PRODUCT_NAME = "$(TARGET_NAME)";
				REGISTER_APP_GROUPS = YES;
				STRING_CATALOG_GENERATE_SYMBOLS = YES;
				SWIFT_APPROACHABLE_CONCURRENCY = YES;
				SWIFT_DEFAULT_ACTOR_ISOLATION = MainActor;
				SWIFT_EMIT_LOC_STRINGS = YES;
				SWIFT_UPCOMING_FEATURE_MEMBER_IMPORT_VISIBILITY = YES;
				SWIFT_VERSION = 5.0;
			};
			name = Release;
		};
		7CDABF672EC889840099AE98 /* Debug */ = {
			isa = XCBuildConfiguration;
			buildSettings = {
				CODE_SIGN_ENTITLEMENTS = PeekdownQLExt/PeekdownQLExt.entitlements;
				CODE_SIGN_STYLE = Automatic;
				CURRENT_PROJECT_VERSION = 1;
				DEVELOPMENT_TEAM = A3KNB5VZH2;
				OTHER_CODE_SIGN_FLAGS = "--timestamp";
				ENABLE_APP_SANDBOX = YES;
				ENABLE_HARDENED_RUNTIME = YES;
				ENABLE_USER_SCRIPT_SANDBOXING = YES;
				ENABLE_USER_SELECTED_FILES = readonly;
				GENERATE_INFOPLIST_FILE = YES;
				INFOPLIST_FILE = PeekdownQLExt/Info.plist;
				INFOPLIST_KEY_CFBundleDisplayName = PeekdownQLExt;
				INFOPLIST_KEY_NSHumanReadableCopyright = "";
				LD_RUNPATH_SEARCH_PATHS = (
					"$(inherited)",
					"@executable_path/../Frameworks",
					"@executable_path/../../../../Frameworks",
				);
				MARKETING_VERSION = 1.2.1;
				PRODUCT_BUNDLE_IDENTIFIER = "com.peekdown.app.quicklook-host.quicklook";
				PRODUCT_NAME = "$(TARGET_NAME)";
				SKIP_INSTALL = YES;
				STRING_CATALOG_GENERATE_SYMBOLS = YES;
				SWIFT_APPROACHABLE_CONCURRENCY = YES;
				SWIFT_EMIT_LOC_STRINGS = YES;
				SWIFT_UPCOMING_FEATURE_MEMBER_IMPORT_VISIBILITY = YES;
				SWIFT_VERSION = 5.0;
			};
			name = Debug;
		};
		7CDABF682EC889840099AE98 /* Release */ = {
			isa = XCBuildConfiguration;
			buildSettings = {
				CODE_SIGN_ENTITLEMENTS = PeekdownQLExt/PeekdownQLExt.entitlements;
				CODE_SIGN_IDENTITY = "Developer ID Application";
				CODE_SIGN_STYLE = Manual;
				CURRENT_PROJECT_VERSION = 1;
				DEVELOPMENT_TEAM = A3KNB5VZH2;
				ENABLE_APP_SANDBOX = YES;
				ENABLE_HARDENED_RUNTIME = YES;
				ENABLE_USER_SCRIPT_SANDBOXING = YES;
				ENABLE_USER_SELECTED_FILES = readonly;
				GENERATE_INFOPLIST_FILE = YES;
				INFOPLIST_FILE = PeekdownQLExt/Info.plist;
				INFOPLIST_KEY_CFBundleDisplayName = PeekdownQLExt;
				INFOPLIST_KEY_NSHumanReadableCopyright = "";
				LD_RUNPATH_SEARCH_PATHS = (
					"$(inherited)",
					"@executable_path/../Frameworks",
					"@executable_path/../../../../Frameworks",
				);
				MARKETING_VERSION = 1.2.1;
				PRODUCT_BUNDLE_IDENTIFIER = "com.peekdown.app.quicklook-host.quicklook";
				PRODUCT_NAME = "$(TARGET_NAME)";
				SKIP_INSTALL = YES;
				STRING_CATALOG_GENERATE_SYMBOLS = YES;
				SWIFT_APPROACHABLE_CONCURRENCY = YES;
				SWIFT_EMIT_LOC_STRINGS = YES;
				SWIFT_UPCOMING_FEATURE_MEMBER_IMPORT_VISIBILITY = YES;
				SWIFT_VERSION = 5.0;
			};
			name = Release;
		};
/* End XCBuildConfiguration section */

/* Begin XCConfigurationList section */
		7CDABF0D2EC87E700099AE98 /* Build configuration list for PBXProject "PeekdownQL" */ = {
			isa = XCConfigurationList;
			buildConfigurations = (
				7CDABF1B2EC87E720099AE98 /* Debug */,
				7CDABF1C2EC87E720099AE98 /* Release */,
			);
			defaultConfigurationIsVisible = 0;
			defaultConfigurationName = Release;
		};
		7CDABF1D2EC87E720099AE98 /* Build configuration list for PBXNativeTarget "PeekdownQLHost" */ = {
			isa = XCConfigurationList;
			buildConfigurations = (
				7CDABF1E2EC87E720099AE98 /* Debug */,
				7CDABF1F2EC87E720099AE98 /* Release */,
			);
			defaultConfigurationIsVisible = 0;
			defaultConfigurationName = Release;
		};
		7CDABF6A2EC889840099AE98 /* Build configuration list for PBXNativeTarget "PeekdownQLExt" */ = {
			isa = XCConfigurationList;
			buildConfigurations = (
				7CDABF672EC889840099AE98 /* Debug */,
				7CDABF682EC889840099AE98 /* Release */,
			);
			defaultConfigurationIsVisible = 0;
			defaultConfigurationName = Release;
		};
/* End XCConfigurationList section */
	};
	rootObject = 7CDABF0A2EC87E700099AE98 /* Project object */;
}
